// !$*UTF8*$!
{
	archiveVersion = 1;
	classes = {
	};
	objectVersion = 46;
	objects = {

/* Begin PBXBuildFile section */
		4B50A9A41BC2E152006229E4 /* EngineExhaust.sks in Resources */ = {isa = PBXBuildFile; fileRef = 4B50A9A21BC2E152006229E4 /* EngineExhaust.sks */; };
		4B50A9A51BC2E152006229E4 /* spark.png in Resources */ = {isa = PBXBuildFile; fileRef = 4B50A9A31BC2E152006229E4 /* spark.png */; };
		4B50EE401BB88DA8006C7C8D /* sprites.atlas in Resources */ = {isa = PBXBuildFile; fileRef = 4B50EE3F1BB88DA8006C7C8D /* sprites.atlas */; };
		4BB634C01BB3299200A1D181 /* AppDelegate.swift in Sources */ = {isa = PBXBuildFile; fileRef = 4BB634BF1BB3299200A1D181 /* AppDelegate.swift */; };
		4BB634C41BB3299200A1D181 /* GameScene.swift in Sources */ = {isa = PBXBuildFile; fileRef = 4BB634C31BB3299200A1D181 /* GameScene.swift */; };
		4BB634C61BB3299200A1D181 /* GameViewController.swift in Sources */ = {isa = PBXBuildFile; fileRef = 4BB634C51BB3299200A1D181 /* GameViewController.swift */; };
		4BB634C91BB3299200A1D181 /* Main.storyboard in Resources */ = {isa = PBXBuildFile; fileRef = 4BB634C71BB3299200A1D181 /* Main.storyboard */; };
		4BB634CB1BB3299200A1D181 /* Images.xcassets in Resources */ = {isa = PBXBuildFile; fileRef = 4BB634CA1BB3299200A1D181 /* Images.xcassets */; };
		4BB634CE1BB3299200A1D181 /* LaunchScreen.xib in Resources */ = {isa = PBXBuildFile; fileRef = 4BB634CC1BB3299200A1D181 /* LaunchScreen.xib */; };
		4BB634DA1BB3299200A1D181 /* SuperSpaceManTests.swift in Sources */ = {isa = PBXBuildFile; fileRef = 4BB634D91BB3299200A1D181 /* SuperSpaceManTests.swift */; };
/* End PBXBuildFile section */

/* Begin PBXContainerItemProxy section */
		4BB634D41BB3299200A1D181 /* PBXContainerItemProxy */ = {
			isa = PBXContainerItemProxy;
			containerPortal = 4BB634B21BB3299200A1D181 /* Project object */;
			proxyType = 1;
			remoteGlobalIDString = 4BB634B91BB3299200A1D181;
			remoteInfo = SuperSpaceMan;
		};
/* End PBXContainerItemProxy section */

/* Begin PBXFileReference section */
		4B50A9A21BC2E152006229E4 /* EngineExhaust.sks */ = {isa = PBXFileReference; lastKnownFileType = file.sks; path = EngineExhaust.sks; sourceTree = "<group>"; };
		4B50A9A31BC2E152006229E4 /* spark.png */ = {isa = PBXFileReference; lastKnownFileType = image.png; path = spark.png; sourceTree = "<group>"; };
		4B50EE3F1BB88DA8006C7C8D /* sprites.atlas */ = {isa = PBXFileReference; lastKnownFileType = folder.skatlas; name = sprites.atlas; path = "../../../../Google Drive/iOS Development Books/Swift Game Development/Beginning Swift Games Development for iOS/Swift 1.2 updated code/chapter1/SuperSpaceMan/SuperSpaceMan/sprites.atlas"; sourceTree = "<group>"; };
		4BB634BA1BB3299200A1D181 /* SuperSpaceMan.app */ = {isa = PBXFileReference; explicitFileType = wrapper.application; includeInIndex = 0; path = SuperSpaceMan.app; sourceTree = BUILT_PRODUCTS_DIR; };
		4BB634BE1BB3299200A1D181 /* Info.plist */ = {isa = PBXFileReference; lastKnownFileType = text.plist.xml; path = Info.plist; sourceTree = "<group>"; };
		4BB634BF1BB3299200A1D181 /* AppDelegate.swift */ = {isa = PBXFileReference; lastKnownFileType = sourcecode.swift; path = AppDelegate.swift; sourceTree = "<group>"; };
		4BB634C31BB3299200A1D181 /* GameScene.swift */ = {isa = PBXFileReference; lastKnownFileType = sourcecode.swift; path = GameScene.swift; sourceTree = "<group>"; };
		4BB634C51BB3299200A1D181 /* GameViewController.swift */ = {isa = PBXFileReference; lastKnownFileType = sourcecode.swift; path = GameViewController.swift; sourceTree = "<group>"; };
		4BB634C81BB3299200A1D181 /* Base */ = {isa = PBXFileReference; lastKnownFileType = file.storyboard; name = Base; path = Base.lproj/Main.storyboard; sourceTree = "<group>"; };
		4BB634CA1BB3299200A1D181 /* Images.xcassets */ = {isa = PBXFileReference; lastKnownFileType = folder.assetcatalog; path = Images.xcassets; sourceTree = "<group>"; };
		4BB634CD1BB3299200A1D181 /* Base */ = {isa = PBXFileReference; lastKnownFileType = file.xib; name = Base; path = Base.lproj/LaunchScreen.xib; sourceTree = "<group>"; };
		4BB634D31BB3299200A1D181 /* SuperSpaceManTests.xctest */ = {isa = PBXFileReference; explicitFileType = wrapper.cfbundle; includeInIndex = 0; path = SuperSpaceManTests.xctest; sourceTree = BUILT_PRODUCTS_DIR; };
		4BB634D81BB3299200A1D181 /* Info.plist */ = {isa = PBXFileReference; lastKnownFileType = text.plist.xml; path = Info.plist; sourceTree = "<group>"; };
		4BB634D91BB3299200A1D181 /* SuperSpaceManTests.swift */ = {isa = PBXFileReference; lastKnownFileType = sourcecode.swift; path = SuperSpaceManTests.swift; sourceTree = "<group>"; };
/* End PBXFileReference section */

/* Begin PBXFrameworksBuildPhase section */
		4BB634B71BB3299200A1D181 /* Frameworks */ = {
			isa = PBXFrameworksBuildPhase;
			buildActionMask = 2147483647;
			files = (
			);
			runOnlyForDeploymentPostprocessing = 0;
		};
		4BB634D01BB3299200A1D181 /* Frameworks */ = {
			isa = PBXFrameworksBuildPhase;
			buildActionMask = 2147483647;
			files = (
			);
			runOnlyForDeploymentPostprocessing = 0;
		};
/* End PBXFrameworksBuildPhase section */

/* Begin PBXGroup section */
		4BB634B11BB3299200A1D181 = {
			isa = PBXGroup;
			children = (
				4BB634BC1BB3299200A1D181 /* SuperSpaceMan */,
				4BB634D61BB3299200A1D181 /* SuperSpaceManTests */,
				4BB634BB1BB3299200A1D181 /* Products */,
			);
			sourceTree = "<group>";
		};
		4BB634BB1BB3299200A1D181 /* Products */ = {
			isa = PBXGroup;
			children = (
				4BB634BA1BB3299200A1D181 /* SuperSpaceMan.app */,
				4BB634D31BB3299200A1D181 /* SuperSpaceManTests.xctest */,
			);
			name = Products;
			sourceTree = "<group>";
		};
		4BB634BC1BB3299200A1D181 /* SuperSpaceMan */ = {
			isa = PBXGroup;
			children = (
				4BB634BF1BB3299200A1D181 /* AppDelegate.swift */,
				4BB634C31BB3299200A1D181 /* GameScene.swift */,
				4B50A9A21BC2E152006229E4 /* EngineExhaust.sks */,
				4B50A9A31BC2E152006229E4 /* spark.png */,
				4B50EE3F1BB88DA8006C7C8D /* sprites.atlas */,
				4BB634C51BB3299200A1D181 /* GameViewController.swift */,
				4BB634C71BB3299200A1D181 /* Main.storyboard */,
				4BB634CA1BB3299200A1D181 /* Images.xcassets */,
				4BB634CC1BB3299200A1D181 /* LaunchScreen.xib */,
				4BB634BD1BB3299200A1D181 /* Supporting Files */,
			);
			path = SuperSpaceMan;
			sourceTree = "<group>";
		};
		4BB634BD1BB3299200A1D181 /* Supporting Files */ = {
			isa = PBXGroup;
			children = (
				4BB634BE1BB3299200A1D181 /* Info.plist */,
			);
			name = "Supporting Files";
			sourceTree = "<group>";
		};
		4BB634D61BB3299200A1D181 /* SuperSpaceManTests */ = {
			isa = PBXGroup;
			children = (
				4BB634D91BB3299200A1D181 /* SuperSpaceManTests.swift */,
				4BB634D71BB3299200A1D181 /* Supporting Files */,
			);
			path = SuperSpaceManTests;
			sourceTree = "<group>";
		};
		4BB634D71BB3299200A1D181 /* Supporting Files */ = {
			isa = PBXGroup;
			children = (
				4BB634D81BB3299200A1D181 /* Info.plist */,
			);
			name = "Supporting Files";
			sourceTree = "<group>";
		};
/* End PBXGroup section */

/* Begin PBXNativeTarget section */
		4BB634B91BB3299200A1D181 /* SuperSpaceMan */ = {
			isa = PBXNativeTarget;
			buildConfigurationList = 4BB634DD1BB3299200A1D181 /* Build configuration list for PBXNativeTarget "SuperSpaceMan" */;
			buildPhases = (
				4BB634B61BB3299200A1D181 /* Sources */,
				4BB634B71BB3299200A1D181 /* Frameworks */,
				4BB634B81BB3299200A1D181 /* Resources */,
			);
			buildRules = (
			);
			dependencies = (
			);
			name = SuperSpaceMan;
			productName = SuperSpaceMan;
			productReference = 4BB634BA1BB3299200A1D181 /* SuperSpaceMan.app */;
			productType = "com.apple.product-type.application";
		};
		4BB634D21BB3299200A1D181 /* SuperSpaceManTests */ = {
			isa = PBXNativeTarget;
			buildConfigurationList = 4BB634E01BB3299200A1D181 /* Build configuration list for PBXNativeTarget "SuperSpaceManTests" */;
			buildPhases = (
				4BB634CF1BB3299200A1D181 /* Sources */,
				4BB634D01BB3299200A1D181 /* Frameworks */,
				4BB634D11BB3299200A1D181 /* Resources */,
			);
			buildRules = (
			);
			dependencies = (
				4BB634D51BB3299200A1D181 /* PBXTargetDependency */,
			);
			name = SuperSpaceManTests;
			productName = SuperSpaceManTests;
			productReference = 4BB634D31BB3299200A1D181 /* SuperSpaceManTests.xctest */;
			productType = "com.apple.product-type.bundle.unit-test";
		};
/* End PBXNativeTarget section */

/* Begin PBXProject section */
		4BB634B21BB3299200A1D181 /* Project object */ = {
			isa = PBXProject;
			attributes = {
				LastUpgradeCheck = 0620;
				ORGANIZATIONNAME = Apress;
				TargetAttributes = {
					4BB634B91BB3299200A1D181 = {
						CreatedOnToolsVersion = 6.2;
					};
					4BB634D21BB3299200A1D181 = {
						CreatedOnToolsVersion = 6.2;
						TestTargetID = 4BB634B91BB3299200A1D181;
					};
				};
			};
			buildConfigurationList = 4BB634B51BB3299200A1D181 /* Build configuration list for PBXProject "SuperSpaceMan" */;
			compatibilityVersion = "Xcode 3.2";
			developmentRegion = English;
			hasScannedForEncodings = 0;
			knownRegions = (
				en,
				Base,
			);
			mainGroup = 4BB634B11BB3299200A1D181;
			productRefGroup = 4BB634BB1BB3299200A1D181 /* Products */;
			projectDirPath = "";
			projectRoot = "";
			targets = (
				4BB634B91BB3299200A1D181 /* SuperSpaceMan */,
				4BB634D21BB3299200A1D181 /* SuperSpaceManTests */,
			);
		};
/* End PBXProject section */

/* Begin PBXResourcesBuildPhase section */
		4BB634B81BB3299200A1D181 /* Resources */ = {
			isa = PBXResourcesBuildPhase;
			buildActionMask = 2147483647;
			files = (
				4BB634CE1BB3299200A1D181 /* LaunchScreen.xib in Resources */,
				4B50A9A51BC2E152006229E4 /* spark.png in Resources */,
				4BB634CB1BB3299200A1D181 /* Images.xcassets in Resources */,
				4B50A9A41BC2E152006229E4 /* EngineExhaust.sks in Resources */,
				4B50EE401BB88DA8006C7C8D /* sprites.atlas in Resources */,
				4BB634C91BB3299200A1D181 /* Main.storyboard in Resources */,
			);
			runOnlyForDeploymentPostprocessing = 0;
		};
		4BB634D11BB3299200A1D181 /* Resources */ = {
			isa = PBXResourcesBuildPhase;
			buildActionMask = 2147483647;
			files = (
			);
			runOnlyForDeploymentPostprocessing = 0;
		};
/* End PBXResourcesBuildPhase section */

/* Begin PBXSourcesBuildPhase section */
		4BB634B61BB3299200A1D181 /* Sources */ = {
			isa = PBXSourcesBuildPhase;
			buildActionMask = 2147483647;
			files = (
				4BB634C41BB3299200A1D181 /* GameScene.swift in Sources */,
				4BB634C61BB3299200A1D181 /* GameViewController.swift in Sources */,
				4BB634C01BB3299200A1D181 /* AppDelegate.swift in Sources */,
			);
			runOnlyForDeploymentPostprocessing = 0;
		};
		4BB634CF1BB3299200A1D181 /* Sources */ = {
			isa = PBXSourcesBuildPhase;
			buildActionMask = 2147483647;
			files = (
				4BB634DA1BB3299200A1D181 /* SuperSpaceManTests.swift in Sources */,
			);
			runOnlyForDeploymentPostprocessing = 0;
		};
/* End PBXSourcesBuildPhase section */

/* Begin PBXTargetDependency section */
		4BB634D51BB3299200A1D181 /* PBXTargetDependency */ = {
			isa = PBXTargetDependency;
			target = 4BB634B91BB3299200A1D181 /* SuperSpaceMan */;
			targetProxy = 4BB634D41BB3299200A1D181 /* PBXContainerItemProxy */;
		};
/* End PBXTargetDependency section */

/* Begin PBXVariantGroup section */
		4BB634C71BB3299200A1D181 /* Main.storyboard */ = {
			isa = PBXVariantGroup;
			children = (
				4BB634C81BB3299200A1D181 /* Base */,
			);
			name = Main.storyboard;
			sourceTree = "<group>";
		};
		4BB634CC1BB3299200A1D181 /* LaunchScreen.xib */ = {
			isa = PBXVariantGroup;
			children = (
				4BB634CD1BB3299200A1D181 /* Base */,
			);
			name = LaunchScreen.xib;
			sourceTree = "<group>";
		};
/* End PBXVariantGroup section */

/* Begin XCBuildConfiguration section */
		4BB634DB1BB3299200A1D181 /* Debug */ = {
			isa = XCBuildConfiguration;
			buildSettings = {
				ALWAYS_SEARCH_USER_PATHS = NO;
				CLANG_CXX_LANGUAGE_STANDARD = "gnu++0x";
				CLANG_CXX_LIBRARY = "libc++";
				CLANG_ENABLE_MODULES = YES;
				CLANG_ENABLE_OBJC_ARC = YES;
				CLANG_WARN_BOOL_CONVERSION = YES;
				CLANG_WARN_CONSTANT_CONVERSION = YES;
				CLANG_WARN_DIRECT_OBJC_ISA_USAGE = YES_ERROR;
				CLANG_WARN_EMPTY_BODY = YES;
				CLANG_WARN_ENUM_CONVERSION = YES;
				CLANG_WARN_INT_CONVERSION = YES;
				CLANG_WARN_OBJC_ROOT_CLASS = YES_ERROR;
				CLANG_WARN_UNREACHABLE_CODE = YES;
				CLANG_WARN__DUPLICATE_METHOD_MATCH = YES;
				"CODE_SIGN_IDENTITY[sdk=iphoneos*]" = "iPhone Developer";
				COPY_PHASE_STRIP = NO;
				ENABLE_STRICT_OBJC_MSGSEND = YES;
				GCC_C_LANGUAGE_STANDARD = gnu99;
				GCC_DYNAMIC_NO_PIC = NO;
				GCC_OPTIMIZATION_LEVEL = 0;
				GCC_PREPROCESSOR_DEFINITIONS = (
					"DEBUG=1",
					"$(inherited)",
				);
				GCC_SYMBOLS_PRIVATE_EXTERN = NO;
				GCC_WARN_64_TO_32_BIT_CONVERSION = YES;
				GCC_WARN_ABOUT_RETURN_TYPE = YES_ERROR;
				GCC_WARN_UNDECLARED_SELECTOR = YES;
				GCC_WARN_UNINITIALIZED_AUTOS = YES_AGGRESSIVE;
				GCC_WARN_UNUSED_FUNCTION = YES;
				GCC_WARN_UNUSED_VARIABLE = YES;
				IPHONEOS_DEPLOYMENT_TARGET = 8.2;
				MTL_ENABLE_DEBUG_INFO = YES;
				ONLY_ACTIVE_ARCH = YES;
				SDKROOT = iphoneos;
				SWIFT_OPTIMIZATION_LEVEL = "-Onone";
			};
			name = Debug;
		};
		4BB634DC1BB3299200A1D181 /* Release */ = {
			isa = XCBuildConfiguration;
			buildSettings = {
				ALWAYS_SEARCH_USER_PATHS = NO;
				CLANG_CXX_LANGUAGE_STANDARD = "gnu++0x";
				CLANG_CXX_LIBRARY = "libc++";
				CLANG_ENABLE_MODULES = YES;
				CLANG_ENABLE_OBJC_ARC = YES;
				CLANG_WARN_BOOL_CONVERSION = YES;
				CLANG_WARN_CONSTANT_CONVERSION = YES;
				CLANG_WARN_DIRECT_OBJC_ISA_USAGE = YES_ERROR;
				CLANG_WARN_EMPTY_BODY = YES;
				CLANG_WARN_ENUM_CONVERSION = YES;
				CLANG_WARN_INT_CONVERSION = YES;
				CLANG_WARN_OBJC_ROOT_CLASS = YES_ERROR;
				CLANG_WARN_UNREACHABLE_CODE = YES;
				CLANG_WARN__DUPLICATE_METHOD_MATCH = YES;
				"CODE_SIGN_IDENTITY[sdk=iphoneos*]" = "iPhone Developer";
				COPY_PHASE_STRIP = NO;
				ENABLE_NS_ASSERTIONS = NO;
				ENABLE_STRICT_OBJC_MSGSEND = YES;
				GCC_C_LANGUAGE_STANDARD = gnu99;
				GCC_WARN_64_TO_32_BIT_CONVERSION = YES;
				GCC_WARN_ABOUT_RETURN_TYPE = YES_ERROR;
				GCC_WARN_UNDECLARED_SELECTOR = YES;
				GCC_WARN_UNINITIALIZED_AUTOS = YES_AGGRESSIVE;
				GCC_WARN_UNUSED_FUNCTION = YES;
				GCC_WARN_UNUSED_VARIABLE = YES;
				IPHONEOS_DEPLOYMENT_TARGET = 8.2;
				MTL_ENABLE_DEBUG_INFO = NO;
				SDKROOT = iphoneos;
				VALIDATE_PRODUCT = YES;
			};
			name = Release;
		};
		4BB634DE1BB3299200A1D181 /* Debug */ = {
			isa = XCBuildConfiguration;
			buildSettings = {
				ASSETCATALOG_COMPILER_APPICON_NAME = AppIcon;
				INFOPLIST_FILE = SuperSpaceMan/Info.plist;
				LD_RUNPATH_SEARCH_PATHS = "$(inherited) @executable_path/Frameworks";
				PRODUCT_NAME = "$(TARGET_NAME)";
			};
			name = Debug;
		};
		4BB634DF1BB3299200A1D181 /* Release */ = {
			isa = XCBuildConfiguration;
			buildSettings = {
				ASSETCATALOG_COMPILER_APPICON_NAME = AppIcon;
				INFOPLIST_FILE = SuperSpaceMan/Info.plist;
				LD_RUNPATH_SEARCH_PATHS = "$(inherited) @executable_path/Frameworks";
				PRODUCT_NAME = "$(TARGET_NAME)";
			};
			name = Release;
		};
		4BB634E11BB3299200A1D181 /* Debug */ = {
			isa = XCBuildConfiguration;
			buildSettings = {
				BUNDLE_LOADER = "$(TEST_HOST)";
				FRAMEWORK_SEARCH_PATHS = (
					"$(SDKROOT)/Developer/Library/Frameworks",
					"$(inherited)",
				);
				GCC_PREPROCESSOR_DEFINITIONS = (
					"DEBUG=1",
					"$(inherited)",
				);
				INFOPLIST_FILE = SuperSpaceManTests/Info.plist;
				LD_RUNPATH_SEARCH_PATHS = "$(inherited) @executable_path/Frameworks @loader_path/Frameworks";
				PRODUCT_NAME = "$(TARGET_NAME)";
				TEST_HOST = "$(BUILT_PRODUCTS_DIR)/SuperSpaceMan.app/SuperSpaceMan";
			};
			name = Debug;
		};
		4BB634E21BB3299200A1D181 /* Release */ = {
			isa = XCBuildConfiguration;
			buildSettings = {
				BUNDLE_LOADER = "$(TEST_HOST)";
				FRAMEWORK_SEARCH_PATHS = (
					"$(SDKROOT)/Developer/Library/Frameworks",
					"$(inherited)",
				);
				INFOPLIST_FILE = SuperSpaceManTests/Info.plist;
				LD_RUNPATH_SEARCH_PATHS = "$(inherited) @executable_path/Frameworks @loader_path/Frameworks";
				PRODUCT_NAME = "$(TARGET_NAME)";
				TEST_HOST = "$(BUILT_PRODUCTS_DIR)/SuperSpaceMan.app/SuperSpaceMan";
			};
			name = Release;
		};
/* End XCBuildConfiguration section */

/* Begin XCConfigurationList section */
		4BB634B51BB3299200A1D181 /* Build configuration list for PBXProject "SuperSpaceMan" */ = {
			isa = XCConfigurationList;
			buildConfigurations = (
				4BB634DB1BB3299200A1D181 /* Debug */,
				4BB634DC1BB3299200A1D181 /* Release */,
			);
			defaultConfigurationIsVisible = 0;
			defaultConfigurationName = Release;
		};
		4BB634DD1BB3299200A1D181 /* Build configuration list for PBXNativeTarget "SuperSpaceMan" */ = {
			isa = XCConfigurationList;
			buildConfigurations = (
				4BB634DE1BB3299200A1D181 /* Debug */,
				4BB634DF1BB3299200A1D181 /* Release */,
			);
			defaultConfigurationIsVisible = 0;
			defaultConfigurationName = Release;
		};
		4BB634E01BB3299200A1D181 /* Build configuration list for PBXNativeTarget "SuperSpaceManTests" */ = {
			isa = XCConfigurationList;
			buildConfigurations = (
				4BB634E11BB3299200A1D181 /* Debug */,
				4BB634E21BB3299200A1D181 /* Release */,
			);
			defaultConfigurationIsVisible = 0;
			defaultConfigurationName = Release;
		};
/* End XCConfigurationList section */
	};
	rootObject = 4BB634B21BB3299200A1D181 /* Project object */;
}
