// !$*UTF8*$!
{
	archiveVersion = 1;
	classes = {
	};
	objectVersion = 46;
	objects = {

/* Begin PBXBuildFile section */
		4BB802D61BC42F0E006BEC4D /* AppDelegate.swift in Sources */ = {isa = PBXBuildFile; fileRef = 4BB802D51BC42F0E006BEC4D /* AppDelegate.swift */; };
		4BB802D81BC42F0E006BEC4D /* GameScene.sks in Resources */ = {isa = PBXBuildFile; fileRef = 4BB802D71BC42F0E006BEC4D /* GameScene.sks */; };
		4BB802DA1BC42F0E006BEC4D /* GameScene.swift in Sources */ = {isa = PBXBuildFile; fileRef = 4BB802D91BC42F0E006BEC4D /* GameScene.swift */; };
		4BB802DC1BC42F0E006BEC4D /* GameViewController.swift in Sources */ = {isa = PBXBuildFile; fileRef = 4BB802DB1BC42F0E006BEC4D /* GameViewController.swift */; };
		4BB802DF1BC42F0E006BEC4D /* Main.storyboard in Resources */ = {isa = PBXBuildFile; fileRef = 4BB802DD1BC42F0E006BEC4D /* Main.storyboard */; };
		4BB802E11BC42F0E006BEC4D /* Images.xcassets in Resources */ = {isa = PBXBuildFile; fileRef = 4BB802E01BC42F0E006BEC4D /* Images.xcassets */; };
		4BB802E41BC42F0E006BEC4D /* LaunchScreen.xib in Resources */ = {isa = PBXBuildFile; fileRef = 4BB802E21BC42F0E006BEC4D /* LaunchScreen.xib */; };
		4BB802F01BC42F0E006BEC4D /* SKLabelNodes_experimentTests.swift in Sources */ = {isa = PBXBuildFile; fileRef = 4BB802EF1BC42F0E006BEC4D /* SKLabelNodes_experimentTests.swift */; };
/* End PBXBuildFile section */

/* Begin PBXContainerItemProxy section */
		4BB802EA1BC42F0E006BEC4D /* PBXContainerItemProxy */ = {
			isa = PBXContainerItemProxy;
			containerPortal = 4BB802C81BC42F0E006BEC4D /* Project object */;
			proxyType = 1;
			remoteGlobalIDString = 4BB802CF1BC42F0E006BEC4D;
			remoteInfo = SKLabelNodes_experiment;
		};
/* End PBXContainerItemProxy section */

/* Begin PBXFileReference section */
		4BB802D01BC42F0E006BEC4D /* SKLabelNodes_experiment.app */ = {isa = PBXFileReference; explicitFileType = wrapper.application; includeInIndex = 0; path = SKLabelNodes_experiment.app; sourceTree = BUILT_PRODUCTS_DIR; };
		4BB802D41BC42F0E006BEC4D /* Info.plist */ = {isa = PBXFileReference; lastKnownFileType = text.plist.xml; path = Info.plist; sourceTree = "<group>"; };
		4BB802D51BC42F0E006BEC4D /* AppDelegate.swift */ = {isa = PBXFileReference; lastKnownFileType = sourcecode.swift; path = AppDelegate.swift; sourceTree = "<group>"; };
		4BB802D71BC42F0E006BEC4D /* GameScene.sks */ = {isa = PBXFileReference; lastKnownFileType = file.sks; path = GameScene.sks; sourceTree = "<group>"; };
		4BB802D91BC42F0E006BEC4D /* GameScene.swift */ = {isa = PBXFileReference; lastKnownFileType = sourcecode.swift; path = GameScene.swift; sourceTree = "<group>"; };
		4BB802DB1BC42F0E006BEC4D /* GameViewController.swift */ = {isa = PBXFileReference; lastKnownFileType = sourcecode.swift; path = GameViewController.swift; sourceTree = "<group>"; };
		4BB802DE1BC42F0E006BEC4D /* Base */ = {isa = PBXFileReference; lastKnownFileType = file.storyboard; name = Base; path = Base.lproj/Main.storyboard; sourceTree = "<group>"; };
		4BB802E01BC42F0E006BEC4D /* Images.xcassets */ = {isa = PBXFileReference; lastKnownFileType = folder.assetcatalog; path = Images.xcassets; sourceTree = "<group>"; };
		4BB802E31BC42F0E006BEC4D /* Base */ = {isa = PBXFileReference; lastKnownFileType = file.xib; name = Base; path = Base.lproj/LaunchScreen.xib; sourceTree = "<group>"; };
		4BB802E91BC42F0E006BEC4D /* SKLabelNodes_experimentTests.xctest */ = {isa = PBXFileReference; explicitFileType = wrapper.cfbundle; includeInIndex = 0; path = SKLabelNodes_experimentTests.xctest; sourceTree = BUILT_PRODUCTS_DIR; };
		4BB802EE1BC42F0E006BEC4D /* Info.plist */ = {isa = PBXFileReference; lastKnownFileType = text.plist.xml; path = Info.plist; sourceTree = "<group>"; };
		4BB802EF1BC42F0E006BEC4D /* SKLabelNodes_experimentTests.swift */ = {isa = PBXFileReference; lastKnownFileType = sourcecode.swift; path = SKLabelNodes_experimentTests.swift; sourceTree = "<group>"; };
/* End PBXFileReference section */

/* Begin PBXFrameworksBuildPhase section */
		4BB802CD1BC42F0E006BEC4D /* Frameworks */ = {
			isa = PBXFrameworksBuildPhase;
			buildActionMask = 2147483647;
			files = (
			);
			runOnlyForDeploymentPostprocessing = 0;
		};
		4BB802E61BC42F0E006BEC4D /* Frameworks */ = {
			isa = PBXFrameworksBuildPhase;
			buildActionMask = 2147483647;
			files = (
			);
			runOnlyForDeploymentPostprocessing = 0;
		};
/* End PBXFrameworksBuildPhase section */

/* Begin PBXGroup section */
		4BB802C71BC42F0E006BEC4D = {
			isa = PBXGroup;
			children = (
				4BB802D21BC42F0E006BEC4D /* SKLabelNodes_experiment */,
				4BB802EC1BC42F0E006BEC4D /* SKLabelNodes_experimentTests */,
				4BB802D11BC42F0E006BEC4D /* Products */,
			);
			sourceTree = "<group>";
		};
		4BB802D11BC42F0E006BEC4D /* Products */ = {
			isa = PBXGroup;
			children = (
				4BB802D01BC42F0E006BEC4D /* SKLabelNodes_experiment.app */,
				4BB802E91BC42F0E006BEC4D /* SKLabelNodes_experimentTests.xctest */,
			);
			name = Products;
			sourceTree = "<group>";
		};
		4BB802D21BC42F0E006BEC4D /* SKLabelNodes_experiment */ = {
			isa = PBXGroup;
			children = (
				4BB802D51BC42F0E006BEC4D /* AppDelegate.swift */,
				4BB802D71BC42F0E006BEC4D /* GameScene.sks */,
				4BB802D91BC42F0E006BEC4D /* GameScene.swift */,
				4BB802DB1BC42F0E006BEC4D /* GameViewController.swift */,
				4BB802DD1BC42F0E006BEC4D /* Main.storyboard */,
				4BB802E01BC42F0E006BEC4D /* Images.xcassets */,
				4BB802E21BC42F0E006BEC4D /* LaunchScreen.xib */,
				4BB802D31BC42F0E006BEC4D /* Supporting Files */,
			);
			path = SKLabelNodes_experiment;
			sourceTree = "<group>";
		};
		4BB802D31BC42F0E006BEC4D /* Supporting Files */ = {
			isa = PBXGroup;
			children = (
				4BB802D41BC42F0E006BEC4D /* Info.plist */,
			);
			name = "Supporting Files";
			sourceTree = "<group>";
		};
		4BB802EC1BC42F0E006BEC4D /* SKLabelNodes_experimentTests */ = {
			isa = PBXGroup;
			children = (
				4BB802EF1BC42F0E006BEC4D /* SKLabelNodes_experimentTests.swift */,
				4BB802ED1BC42F0E006BEC4D /* Supporting Files */,
			);
			path = SKLabelNodes_experimentTests;
			sourceTree = "<group>";
		};
		4BB802ED1BC42F0E006BEC4D /* Supporting Files */ = {
			isa = PBXGroup;
			children = (
				4BB802EE1BC42F0E006BEC4D /* Info.plist */,
			);
			name = "Supporting Files";
			sourceTree = "<group>";
		};
/* End PBXGroup section */

/* Begin PBXNativeTarget section */
		4BB802CF1BC42F0E006BEC4D /* SKLabelNodes_experiment */ = {
			isa = PBXNativeTarget;
			buildConfigurationList = 4BB802F31BC42F0E006BEC4D /* Build configuration list for PBXNativeTarget "SKLabelNodes_experiment" */;
			buildPhases = (
				4BB802CC1BC42F0E006BEC4D /* Sources */,
				4BB802CD1BC42F0E006BEC4D /* Frameworks */,
				4BB802CE1BC42F0E006BEC4D /* Resources */,
			);
			buildRules = (
			);
			dependencies = (
			);
			name = SKLabelNodes_experiment;
			productName = SKLabelNodes_experiment;
			productReference = 4BB802D01BC42F0E006BEC4D /* SKLabelNodes_experiment.app */;
			productType = "com.apple.product-type.application";
		};
		4BB802E81BC42F0E006BEC4D /* SKLabelNodes_experimentTests */ = {
			isa = PBXNativeTarget;
			buildConfigurationList = 4BB802F61BC42F0E006BEC4D /* Build configuration list for PBXNativeTarget "SKLabelNodes_experimentTests" */;
			buildPhases = (
				4BB802E51BC42F0E006BEC4D /* Sources */,
				4BB802E61BC42F0E006BEC4D /* Frameworks */,
				4BB802E71BC42F0E006BEC4D /* Resources */,
			);
			buildRules = (
			);
			dependencies = (
				4BB802EB1BC42F0E006BEC4D /* PBXTargetDependency */,
			);
			name = SKLabelNodes_experimentTests;
			productName = SKLabelNodes_experimentTests;
			productReference = 4BB802E91BC42F0E006BEC4D /* SKLabelNodes_experimentTests.xctest */;
			productType = "com.apple.product-type.bundle.unit-test";
		};
/* End PBXNativeTarget section */

/* Begin PBXProject section */
		4BB802C81BC42F0E006BEC4D /* Project object */ = {
			isa = PBXProject;
			attributes = {
				LastUpgradeCheck = 0620;
				ORGANIZATIONNAME = Apress;
				TargetAttributes = {
					4BB802CF1BC42F0E006BEC4D = {
						CreatedOnToolsVersion = 6.2;
					};
					4BB802E81BC42F0E006BEC4D = {
						CreatedOnToolsVersion = 6.2;
						TestTargetID = 4BB802CF1BC42F0E006BEC4D;
					};
				};
			};
			buildConfigurationList = 4BB802CB1BC42F0E006BEC4D /* Build configuration list for PBXProject "SKLabelNodes_experiment" */;
			compatibilityVersion = "Xcode 3.2";
			developmentRegion = English;
			hasScannedForEncodings = 0;
			knownRegions = (
				en,
				Base,
			);
			mainGroup = 4BB802C71BC42F0E006BEC4D;
			productRefGroup = 4BB802D11BC42F0E006BEC4D /* Products */;
			projectDirPath = "";
			projectRoot = "";
			targets = (
				4BB802CF1BC42F0E006BEC4D /* SKLabelNodes_experiment */,
				4BB802E81BC42F0E006BEC4D /* SKLabelNodes_experimentTests */,
			);
		};
/* End PBXProject section */

/* Begin PBXResourcesBuildPhase section */
		4BB802CE1BC42F0E006BEC4D /* Resources */ = {
			isa = PBXResourcesBuildPhase;
			buildActionMask = 2147483647;
			files = (
				4BB802E41BC42F0E006BEC4D /* LaunchScreen.xib in Resources */,
				4BB802E11BC42F0E006BEC4D /* Images.xcassets in Resources */,
				4BB802D81BC42F0E006BEC4D /* GameScene.sks in Resources */,
				4BB802DF1BC42F0E006BEC4D /* Main.storyboard in Resources */,
			);
			runOnlyForDeploymentPostprocessing = 0;
		};
		4BB802E71BC42F0E006BEC4D /* Resources */ = {
			isa = PBXResourcesBuildPhase;
			buildActionMask = 2147483647;
			files = (
			);
			runOnlyForDeploymentPostprocessing = 0;
		};
/* End PBXResourcesBuildPhase section */

/* Begin PBXSourcesBuildPhase section */
		4BB802CC1BC42F0E006BEC4D /* Sources */ = {
			isa = PBXSourcesBuildPhase;
			buildActionMask = 2147483647;
			files = (
				4BB802DA1BC42F0E006BEC4D /* GameScene.swift in Sources */,
				4BB802DC1BC42F0E006BEC4D /* GameViewController.swift in Sources */,
				4BB802D61BC42F0E006BEC4D /* AppDelegate.swift in Sources */,
			);
			runOnlyForDeploymentPostprocessing = 0;
		};
		4BB802E51BC42F0E006BEC4D /* Sources */ = {
			isa = PBXSourcesBuildPhase;
			buildActionMask = 2147483647;
			files = (
				4BB802F01BC42F0E006BEC4D /* SKLabelNodes_experimentTests.swift in Sources */,
			);
			runOnlyForDeploymentPostprocessing = 0;
		};
/* End PBXSourcesBuildPhase section */

/* Begin PBXTargetDependency section */
		4BB802EB1BC42F0E006BEC4D /* PBXTargetDependency */ = {
			isa = PBXTargetDependency;
			target = 4BB802CF1BC42F0E006BEC4D /* SKLabelNodes_experiment */;
			targetProxy = 4BB802EA1BC42F0E006BEC4D /* PBXContainerItemProxy */;
		};
/* End PBXTargetDependency section */

/* Begin PBXVariantGroup section */
		4BB802DD1BC42F0E006BEC4D /* Main.storyboard */ = {
			isa = PBXVariantGroup;
			children = (
				4BB802DE1BC42F0E006BEC4D /* Base */,
			);
			name = Main.storyboard;
			sourceTree = "<group>";
		};
		4BB802E21BC42F0E006BEC4D /* LaunchScreen.xib */ = {
			isa = PBXVariantGroup;
			children = (
				4BB802E31BC42F0E006BEC4D /* Base */,
			);
			name = LaunchScreen.xib;
			sourceTree = "<group>";
		};
/* End PBXVariantGroup section */

/* Begin XCBuildConfiguration section */
		4BB802F11BC42F0E006BEC4D /* Debug */ = {
			isa = XCBuildConfiguration;
			buildSettings = {
				ALWAYS_SEARCH_USER_PATHS = NO;
				CLANG_CXX_LANGUAGE_STANDARD = "gnu++0x";
				CLANG_CXX_LIBRARY = "libc++";
				CLANG_ENABLE_MODULES = YES;
				CLANG_ENABLE_OBJC_ARC = YES;
				CLANG_WARN_BOOL_CONVERSION = YES;
				CLANG_WARN_CONSTANT_CONVERSION = YES;
				CLANG_WARN_DIRECT_OBJC_ISA_USAGE = YES_ERROR;
				CLANG_WARN_EMPTY_BODY = YES;
				CLANG_WARN_ENUM_CONVERSION = YES;
				CLANG_WARN_INT_CONVERSION = YES;
				CLANG_WARN_OBJC_ROOT_CLASS = YES_ERROR;
				CLANG_WARN_UNREACHABLE_CODE = YES;
				CLANG_WARN__DUPLICATE_METHOD_MATCH = YES;
				"CODE_SIGN_IDENTITY[sdk=iphoneos*]" = "iPhone Developer";
				COPY_PHASE_STRIP = NO;
				ENABLE_STRICT_OBJC_MSGSEND = YES;
				GCC_C_LANGUAGE_STANDARD = gnu99;
				GCC_DYNAMIC_NO_PIC = NO;
				GCC_OPTIMIZATION_LEVEL = 0;
				GCC_PREPROCESSOR_DEFINITIONS = (
					"DEBUG=1",
					"$(inherited)",
				);
				GCC_SYMBOLS_PRIVATE_EXTERN = NO;
				GCC_WARN_64_TO_32_BIT_CONVERSION = YES;
				GCC_WARN_ABOUT_RETURN_TYPE = YES_ERROR;
				GCC_WARN_UNDECLARED_SELECTOR = YES;
				GCC_WARN_UNINITIALIZED_AUTOS = YES_AGGRESSIVE;
				GCC_WARN_UNUSED_FUNCTION = YES;
				GCC_WARN_UNUSED_VARIABLE = YES;
				IPHONEOS_DEPLOYMENT_TARGET = 8.2;
				MTL_ENABLE_DEBUG_INFO = YES;
				ONLY_ACTIVE_ARCH = YES;
				SDKROOT = iphoneos;
				SWIFT_OPTIMIZATION_LEVEL = "-Onone";
			};
			name = Debug;
		};
		4BB802F21BC42F0E006BEC4D /* Release */ = {
			isa = XCBuildConfiguration;
			buildSettings = {
				ALWAYS_SEARCH_USER_PATHS = NO;
				CLANG_CXX_LANGUAGE_STANDARD = "gnu++0x";
				CLANG_CXX_LIBRARY = "libc++";
				CLANG_ENABLE_MODULES = YES;
				CLANG_ENABLE_OBJC_ARC = YES;
				CLANG_WARN_BOOL_CONVERSION = YES;
				CLANG_WARN_CONSTANT_CONVERSION = YES;
				CLANG_WARN_DIRECT_OBJC_ISA_USAGE = YES_ERROR;
				CLANG_WARN_EMPTY_BODY = YES;
				CLANG_WARN_ENUM_CONVERSION = YES;
				CLANG_WARN_INT_CONVERSION = YES;
				CLANG_WARN_OBJC_ROOT_CLASS = YES_ERROR;
				CLANG_WARN_UNREACHABLE_CODE = YES;
				CLANG_WARN__DUPLICATE_METHOD_MATCH = YES;
				"CODE_SIGN_IDENTITY[sdk=iphoneos*]" = "iPhone Developer";
				COPY_PHASE_STRIP = NO;
				ENABLE_NS_ASSERTIONS = NO;
				ENABLE_STRICT_OBJC_MSGSEND = YES;
				GCC_C_LANGUAGE_STANDARD = gnu99;
				GCC_WARN_64_TO_32_BIT_CONVERSION = YES;
				GCC_WARN_ABOUT_RETURN_TYPE = YES_ERROR;
				GCC_WARN_UNDECLARED_SELECTOR = YES;
				GCC_WARN_UNINITIALIZED_AUTOS = YES_AGGRESSIVE;
				GCC_WARN_UNUSED_FUNCTION = YES;
				GCC_WARN_UNUSED_VARIABLE = YES;
				IPHONEOS_DEPLOYMENT_TARGET = 8.2;
				MTL_ENABLE_DEBUG_INFO = NO;
				SDKROOT = iphoneos;
				VALIDATE_PRODUCT = YES;
			};
			name = Release;
		};
		4BB802F41BC42F0E006BEC4D /* Debug */ = {
			isa = XCBuildConfiguration;
			buildSettings = {
				ASSETCATALOG_COMPILER_APPICON_NAME = AppIcon;
				INFOPLIST_FILE = SKLabelNodes_experiment/Info.plist;
				LD_RUNPATH_SEARCH_PATHS = "$(inherited) @executable_path/Frameworks";
				PRODUCT_NAME = "$(TARGET_NAME)";
			};
			name = Debug;
		};
		4BB802F51BC42F0E006BEC4D /* Release */ = {
			isa = XCBuildConfiguration;
			buildSettings = {
				ASSETCATALOG_COMPILER_APPICON_NAME = AppIcon;
				INFOPLIST_FILE = SKLabelNodes_experiment/Info.plist;
				LD_RUNPATH_SEARCH_PATHS = "$(inherited) @executable_path/Frameworks";
				PRODUCT_NAME = "$(TARGET_NAME)";
			};
			name = Release;
		};
		4BB802F71BC42F0E006BEC4D /* Debug */ = {
			isa = XCBuildConfiguration;
			buildSettings = {
				BUNDLE_LOADER = "$(TEST_HOST)";
				FRAMEWORK_SEARCH_PATHS = (
					"$(SDKROOT)/Developer/Library/Frameworks",
					"$(inherited)",
				);
				GCC_PREPROCESSOR_DEFINITIONS = (
					"DEBUG=1",
					"$(inherited)",
				);
				INFOPLIST_FILE = SKLabelNodes_experimentTests/Info.plist;
				LD_RUNPATH_SEARCH_PATHS = "$(inherited) @executable_path/Frameworks @loader_path/Frameworks";
				PRODUCT_NAME = "$(TARGET_NAME)";
				TEST_HOST = "$(BUILT_PRODUCTS_DIR)/SKLabelNodes_experiment.app/SKLabelNodes_experiment";
			};
			name = Debug;
		};
		4BB802F81BC42F0E006BEC4D /* Release */ = {
			isa = XCBuildConfiguration;
			buildSettings = {
				BUNDLE_LOADER = "$(TEST_HOST)";
				FRAMEWORK_SEARCH_PATHS = (
					"$(SDKROOT)/Developer/Library/Frameworks",
					"$(inherited)",
				);
				INFOPLIST_FILE = SKLabelNodes_experimentTests/Info.plist;
				LD_RUNPATH_SEARCH_PATHS = "$(inherited) @executable_path/Frameworks @loader_path/Frameworks";
				PRODUCT_NAME = "$(TARGET_NAME)";
				TEST_HOST = "$(BUILT_PRODUCTS_DIR)/SKLabelNodes_experiment.app/SKLabelNodes_experiment";
			};
			name = Release;
		};
/* End XCBuildConfiguration section */

/* Begin XCConfigurationList section */
		4BB802CB1BC42F0E006BEC4D /* Build configuration list for PBXProject "SKLabelNodes_experiment" */ = {
			isa = XCConfigurationList;
			buildConfigurations = (
				4BB802F11BC42F0E006BEC4D /* Debug */,
				4BB802F21BC42F0E006BEC4D /* Release */,
			);
			defaultConfigurationIsVisible = 0;
			defaultConfigurationName = Release;
		};
		4BB802F31BC42F0E006BEC4D /* Build configuration list for PBXNativeTarget "SKLabelNodes_experiment" */ = {
			isa = XCConfigurationList;
			buildConfigurations = (
				4BB802F41BC42F0E006BEC4D /* Debug */,
				4BB802F51BC42F0E006BEC4D /* Release */,
			);
			defaultConfigurationIsVisible = 0;
		};
		4BB802F61BC42F0E006BEC4D /* Build configuration list for PBXNativeTarget "SKLabelNodes_experimentTests" */ = {
			isa = XCConfigurationList;
			buildConfigurations = (
				4BB802F71BC42F0E006BEC4D /* Debug */,
				4BB802F81BC42F0E006BEC4D /* Release */,
			);
			defaultConfigurationIsVisible = 0;
		};
/* End XCConfigurationList section */
	};
	rootObject = 4BB802C81BC42F0E006BEC4D /* Project object */;
}
